
Microsoft Visual Studio Solution File, Format Version 12.00
# Visual Studio Version 17
VisualStudioVersion = 17.2.32630.192
MinimumVisualStudioVersion = 10.0.40219.1
Project("{9A19103F-16F7-4668-BE54-9A1E7A4F7556}") = "Singleton", "Singleton\Singleton.csproj", "{D8372898-456D-4DEF-9381-788F3DC9F690}"
EndProject
Project("{9A19103F-16F7-4668-BE54-9A1E7A4F7556}") = "Prototype", "Prototype\Prototype.csproj", "{B28BDE73-6F83-43E2-900E-B9D23F474BA6}"
EndProject
Project("{9A19103F-16F7-4668-BE54-9A1E7A4F7556}") = "FactoryMehtod", "FactoryMehtod\FactoryMehtod.csproj", "{47890846-0773-4B0C-8CDD-EC86B530B859}"
EndProject
Project("{9A19103F-16F7-4668-BE54-9A1E7A4F7556}") = "AbstractFactory", "AbstractFactory\AbstractFactory.csproj", "{7BCB4908-16C4-44F9-B71C-1FAC532228B8}"
EndProject
Project("{9A19103F-16F7-4668-BE54-9A1E7A4F7556}") = "Builder", "Builder\Builder.csproj", "{01491B5E-8688-4BF2-A4B4-FA65F539075F}"
EndProject
Project("{9A19103F-16F7-4668-BE54-9A1E7A4F7556}") = "Adapter", "Adapter\Adapter.csproj", "{342E2915-B52F-4AFE-9131-3E586CAE7F4F}"
EndProject
Project("{9A19103F-16F7-4668-BE54-9A1E7A4F7556}") = "Composit", "Composit\Composit.csproj", "{B26B18AB-7842-45AF-9DFA-69D19A522D3C}"
EndProject
Project("{9A19103F-16F7-4668-BE54-9A1E7A4F7556}") = "Facade", "Facade\Facade.csproj", "{17C74B66-EB2C-408C-9126-F18A5F3132B3}"
EndProject
Project("{FAE04EC0-301F-11D3-BF4B-00C04F79EFBC}") = "Proxy", "Proxy\Proxy.csproj", "{00F9C398-1F3B-4E9B-A9F6-1D9642B76EC6}"
EndProject
Global
	GlobalSection(SolutionConfigurationPlatforms) = preSolution
		Debug|Any CPU = Debug|Any CPU
		Release|Any CPU = Release|Any CPU
	EndGlobalSection
	GlobalSection(ProjectConfigurationPlatforms) = postSolution
		{D8372898-456D-4DEF-9381-788F3DC9F690}.Debug|Any CPU.ActiveCfg = Debug|Any CPU
		{D8372898-456D-4DEF-9381-788F3DC9F690}.Debug|Any CPU.Build.0 = Debug|Any CPU
		{D8372898-456D-4DEF-9381-788F3DC9F690}.Release|Any CPU.ActiveCfg = Release|Any CPU
		{D8372898-456D-4DEF-9381-788F3DC9F690}.Release|Any CPU.Build.0 = Release|Any CPU
		{B28BDE73-6F83-43E2-900E-B9D23F474BA6}.Debug|Any CPU.ActiveCfg = Debug|Any CPU
		{B28BDE73-6F83-43E2-900E-B9D23F474BA6}.Debug|Any CPU.Build.0 = Debug|Any CPU
		{B28BDE73-6F83-43E2-900E-B9D23F474BA6}.Release|Any CPU.ActiveCfg = Release|Any CPU
		{B28BDE73-6F83-43E2-900E-B9D23F474BA6}.Release|Any CPU.Build.0 = Release|Any CPU
		{47890846-0773-4B0C-8CDD-EC86B530B859}.Debug|Any CPU.ActiveCfg = Debug|Any CPU
		{47890846-0773-4B0C-8CDD-EC86B530B859}.Debug|Any CPU.Build.0 = Debug|Any CPU
		{47890846-0773-4B0C-8CDD-EC86B530B859}.Release|Any CPU.ActiveCfg = Release|Any CPU
		{47890846-0773-4B0C-8CDD-EC86B530B859}.Release|Any CPU.Build.0 = Release|Any CPU
		{7BCB4908-16C4-44F9-B71C-1FAC532228B8}.Debug|Any CPU.ActiveCfg = Debug|Any CPU
		{7BCB4908-16C4-44F9-B71C-1FAC532228B8}.Debug|Any CPU.Build.0 = Debug|Any CPU
		{7BCB4908-16C4-44F9-B71C-1FAC532228B8}.Release|Any CPU.ActiveCfg = Release|Any CPU
		{7BCB4908-16C4-44F9-B71C-1FAC532228B8}.Release|Any CPU.Build.0 = Release|Any CPU
		{01491B5E-8688-4BF2-A4B4-FA65F539075F}.Debug|Any CPU.ActiveCfg = Debug|Any CPU
		{01491B5E-8688-4BF2-A4B4-FA65F539075F}.Debug|Any CPU.Build.0 = Debug|Any CPU
		{01491B5E-8688-4BF2-A4B4-FA65F539075F}.Release|Any CPU.ActiveCfg = Release|Any CPU
		{01491B5E-8688-4BF2-A4B4-FA65F539075F}.Release|Any CPU.Build.0 = Release|Any CPU
		{342E2915-B52F-4AFE-9131-3E586CAE7F4F}.Debug|Any CPU.ActiveCfg = Debug|Any CPU
		{342E2915-B52F-4AFE-9131-3E586CAE7F4F}.Debug|Any CPU.Build.0 = Debug|Any CPU
		{342E2915-B52F-4AFE-9131-3E586CAE7F4F}.Release|Any CPU.ActiveCfg = Release|Any CPU
		{342E2915-B52F-4AFE-9131-3E586CAE7F4F}.Release|Any CPU.Build.0 = Release|Any CPU
		{B26B18AB-7842-45AF-9DFA-69D19A522D3C}.Debug|Any CPU.ActiveCfg = Debug|Any CPU
		{B26B18AB-7842-45AF-9DFA-69D19A522D3C}.Debug|Any CPU.Build.0 = Debug|Any CPU
		{B26B18AB-7842-45AF-9DFA-69D19A522D3C}.Release|Any CPU.ActiveCfg = Release|Any CPU
		{B26B18AB-7842-45AF-9DFA-69D19A522D3C}.Release|Any CPU.Build.0 = Release|Any CPU
		{17C74B66-EB2C-408C-9126-F18A5F3132B3}.Debug|Any CPU.ActiveCfg = Debug|Any CPU
		{17C74B66-EB2C-408C-9126-F18A5F3132B3}.Debug|Any CPU.Build.0 = Debug|Any CPU
		{17C74B66-EB2C-408C-9126-F18A5F3132B3}.Release|Any CPU.ActiveCfg = Release|Any CPU
		{17C74B66-EB2C-408C-9126-F18A5F3132B3}.Release|Any CPU.Build.0 = Release|Any CPU
		{00F9C398-1F3B-4E9B-A9F6-1D9642B76EC6}.Debug|Any CPU.ActiveCfg = Debug|Any CPU
		{00F9C398-1F3B-4E9B-A9F6-1D9642B76EC6}.Debug|Any CPU.Build.0 = Debug|Any CPU
		{00F9C398-1F3B-4E9B-A9F6-1D9642B76EC6}.Release|Any CPU.ActiveCfg = Release|Any CPU
		{00F9C398-1F3B-4E9B-A9F6-1D9642B76EC6}.Release|Any CPU.Build.0 = Release|Any CPU
	EndGlobalSection
	GlobalSection(SolutionProperties) = preSolution
		HideSolutionNode = FALSE
	EndGlobalSection
	GlobalSection(ExtensibilityGlobals) = postSolution
		SolutionGuid = {48438646-82AD-4230-9F91-B163C4E8D473}
	EndGlobalSection
EndGlobal
